
Microsoft Visual Studio Solution File, Format Version 12.00
# Visual Studio Version 17
VisualStudioVersion = 17.12.35728.132 d17.12
MinimumVisualStudioVersion = 10.0.40219.1
Project("{8BC9CEB8-8B4A-11D0-8D11-00A0C91BC942}") = "GGXrdAutomaticallyChangeAudioDeviceInjector", "GGXrdAutomaticallyChangeAudioDeviceInjector\GGXrdAutomaticallyChangeAudioDeviceInjector.vcxproj", "{B6B727DD-D89C-4FCF-A8BA-1538E2AE5815}"
EndProject
Project("{2150E333-8FDC-42A3-9474-1A3956D46DE8}") = "Solution Items", "Solution Items", "{17858A53-E775-44A2-ACD4-B505B1696148}"
	ProjectSection(SolutionItems) = preProject
		prebuild.ps1 = prebuild.ps1
		README.md = README.md
	EndProjectSection
EndProject
Project("{8BC9CEB8-8B4A-11D0-8D11-00A0C91BC942}") = "GGXrdAutomaticallyChangeAudioDevice", "GGXrdAutomaticallyChangeAudioDevice\GGXrdAutomaticallyChangeAudioDevice.vcxproj", "{7E1D9B2F-D2E9-4B6B-8B14-EF5FF4B36468}"
EndProject
Project("{8BC9CEB8-8B4A-11D0-8D11-00A0C91BC942}") = "GGXrdAutomaticallyChangeAudioDevicePatcher", "GGXrdAutomaticallyChangeAudioDevicePatcher\GGXrdAutomaticallyChangeAudioDevicePatcher.vcxproj", "{FE0E5A93-1D38-40DB-AB49-7D3BE9AB8610}"
EndProject
Global
	GlobalSection(SolutionConfigurationPlatforms) = preSolution
		Debug|x64 = Debug|x64
		Debug|x86 = Debug|x86
		Release|x64 = Release|x64
		Release|x86 = Release|x86
	EndGlobalSection
	GlobalSection(ProjectConfigurationPlatforms) = postSolution
		{B6B727DD-D89C-4FCF-A8BA-1538E2AE5815}.Debug|x64.ActiveCfg = Debug|x64
		{B6B727DD-D89C-4FCF-A8BA-1538E2AE5815}.Debug|x64.Build.0 = Debug|x64
		{B6B727DD-D89C-4FCF-A8BA-1538E2AE5815}.Debug|x86.ActiveCfg = Debug|Win32
		{B6B727DD-D89C-4FCF-A8BA-1538E2AE5815}.Debug|x86.Build.0 = Debug|Win32
		{B6B727DD-D89C-4FCF-A8BA-1538E2AE5815}.Release|x64.ActiveCfg = Release|x64
		{B6B727DD-D89C-4FCF-A8BA-1538E2AE5815}.Release|x64.Build.0 = Release|x64
		{B6B727DD-D89C-4FCF-A8BA-1538E2AE5815}.Release|x86.ActiveCfg = Release|Win32
		{B6B727DD-D89C-4FCF-A8BA-1538E2AE5815}.Release|x86.Build.0 = Release|Win32
		{7E1D9B2F-D2E9-4B6B-8B14-EF5FF4B36468}.Debug|x64.ActiveCfg = Debug|x64
		{7E1D9B2F-D2E9-4B6B-8B14-EF5FF4B36468}.Debug|x64.Build.0 = Debug|x64
		{7E1D9B2F-D2E9-4B6B-8B14-EF5FF4B36468}.Debug|x86.ActiveCfg = Debug|Win32
		{7E1D9B2F-D2E9-4B6B-8B14-EF5FF4B36468}.Debug|x86.Build.0 = Debug|Win32
		{7E1D9B2F-D2E9-4B6B-8B14-EF5FF4B36468}.Release|x64.ActiveCfg = Release|x64
		{7E1D9B2F-D2E9-4B6B-8B14-EF5FF4B36468}.Release|x64.Build.0 = Release|x64
		{7E1D9B2F-D2E9-4B6B-8B14-EF5FF4B36468}.Release|x86.ActiveCfg = Release|Win32
		{7E1D9B2F-D2E9-4B6B-8B14-EF5FF4B36468}.Release|x86.Build.0 = Release|Win32
		{FE0E5A93-1D38-40DB-AB49-7D3BE9AB8610}.Debug|x64.ActiveCfg = Debug|x64
		{FE0E5A93-1D38-40DB-AB49-7D3BE9AB8610}.Debug|x64.Build.0 = Debug|x64
		{FE0E5A93-1D38-40DB-AB49-7D3BE9AB8610}.Debug|x86.ActiveCfg = Debug|Win32
		{FE0E5A93-1D38-40DB-AB49-7D3BE9AB8610}.Debug|x86.Build.0 = Debug|Win32
		{FE0E5A93-1D38-40DB-AB49-7D3BE9AB8610}.Release|x64.ActiveCfg = Release|x64
		{FE0E5A93-1D38-40DB-AB49-7D3BE9AB8610}.Release|x64.Build.0 = Release|x64
		{FE0E5A93-1D38-40DB-AB49-7D3BE9AB8610}.Release|x86.ActiveCfg = Release|Win32
		{FE0E5A93-1D38-40DB-AB49-7D3BE9AB8610}.Release|x86.Build.0 = Release|Win32
	EndGlobalSection
	GlobalSection(SolutionProperties) = preSolution
		HideSolutionNode = FALSE
	EndGlobalSection
EndGlobal
